<?xml version="1.0" encoding="utf-8"?>
<Project ToolsVersion="4.0" xmlns="http://schemas.microsoft.com/developer/msbuild/2003">
  <ItemGroup>
    <Filter Include="src">
      <UniqueIdentifier>{5f639747-2846-4123-aebd-3b2061e10b0c}</UniqueIdentifier>
    </Filter>
  </ItemGroup>
  <ItemGroup>
    <ClCompile Include="..\src\main.cpp">
      <Filter>src</Filter>
    </ClCompile>
    <ClCompile Include="..\src\ScreenBox.cpp">
      <Filter>src</Filter>
    </ClCompile>
    <ClCompile Include="..\src\ShaderManager.cpp">
      <Filter>src</Filter>
    </ClCompile>
    <ClCompile Include="..\src\TextureManager.cpp">
      <Filter>src</Filter>
    </ClCompile>
    <ClCompile Include="..\src\TrackBallCamera.cpp">
      <Filter>src</Filter>
    </ClCompile>
    <ClCompile Include="..\src\MouseHandling.cpp">
      <Filter>src</Filter>
    </ClCompile>
  </ItemGroup>
  <ItemGroup>
    <ClInclude Include="..\src\ScreenBox.h">
      <Filter>src</Filter>
    </ClInclude>
    <ClInclude Include="..\src\ShaderManager.h">
      <Filter>src</Filter>
    </ClInclude>
    <ClInclude Include="..\src\TextureManager.h">
      <Filter>src</Filter>
    </ClInclude>
    <ClInclude Include="..\src\TrackBallCamera.h">
      <Filter>src</Filter>
    </ClInclude>
    <ClInclude Include="..\src\MouseHandling.h">
      <Filter>src</Filter>
    </ClInclude>
  </ItemGroup>
</Project>